
Microsoft Visual Studio Solution File, Format Version 12.00
# Visual Studio Version 17
VisualStudioVersion = 17.10.35013.160
MinimumVisualStudioVersion = 10.0.40219.1
Project("{FAE04EC0-301F-11D3-BF4B-00C04F79EFBC}") = "DemoMVC", "DemoMVC.csproj", "{D78AEEA4-741C-4B75-8079-CF2DF8505580}"
EndProject
Global
	GlobalSection(SolutionConfigurationPlatforms) = preSolution
		Debug|Any CPU = Debug|Any CPU
		Release|Any CPU = Release|Any CPU
	EndGlobalSection
	GlobalSection(ProjectConfigurationPlatforms) = postSolution
		{D78AEEA4-741C-4B75-8079-CF2DF8505580}.Debug|Any CPU.ActiveCfg = Debug|Any CPU
		{D78AEEA4-741C-4B75-8079-CF2DF8505580}.Debug|Any CPU.Build.0 = Debug|Any CPU
		{D78AEEA4-741C-4B75-8079-CF2DF8505580}.Release|Any CPU.ActiveCfg = Release|Any CPU
		{D78AEEA4-741C-4B75-8079-CF2DF8505580}.Release|Any CPU.Build.0 = Release|Any CPU
	EndGlobalSection
	GlobalSection(SolutionProperties) = preSolution
		HideSolutionNode = FALSE
	EndGlobalSection
	GlobalSection(ExtensibilityGlobals) = postSolution
		SolutionGuid = {AF3B14E3-A2AB-48B9-8360-5004C98ACB92}
	EndGlobalSection
EndGlobal
