
Microsoft Visual Studio Solution File, Format Version 12.00
# Visual Studio Version 17
VisualStudioVersion = 17.11.35431.28
MinimumVisualStudioVersion = 10.0.40219.1
Project("{FAE04EC0-301F-11D3-BF4B-00C04F79EFBC}") = "DemoAPI", "DemoAPI.csproj", "{215F7520-9C2C-491B-904E-6D702F7C57FD}"
EndProject
Global
	GlobalSection(SolutionConfigurationPlatforms) = preSolution
		Debug|Any CPU = Debug|Any CPU
		Release|Any CPU = Release|Any CPU
	EndGlobalSection
	GlobalSection(ProjectConfigurationPlatforms) = postSolution
		{215F7520-9C2C-491B-904E-6D702F7C57FD}.Debug|Any CPU.ActiveCfg = Debug|Any CPU
		{215F7520-9C2C-491B-904E-6D702F7C57FD}.Debug|Any CPU.Build.0 = Debug|Any CPU
		{215F7520-9C2C-491B-904E-6D702F7C57FD}.Release|Any CPU.ActiveCfg = Release|Any CPU
		{215F7520-9C2C-491B-904E-6D702F7C57FD}.Release|Any CPU.Build.0 = Release|Any CPU
	EndGlobalSection
	GlobalSection(SolutionProperties) = preSolution
		HideSolutionNode = FALSE
	EndGlobalSection
	GlobalSection(ExtensibilityGlobals) = postSolution
		SolutionGuid = {4A82F133-602C-45C3-B810-470B161BA9A5}
	EndGlobalSection
EndGlobal
